
Microsoft Visual Studio Solution File, Format Version 12.00
# Visual Studio Version 17
VisualStudioVersion = 17.14.36518.9
MinimumVisualStudioVersion = 10.0.40219.1
Project("{2150E333-8FDC-42A3-9474-1A3956D46DE8}") = "Services", "Services", "{02EA681E-C7D8-13C7-8484-4AC65E1B71E8}"
EndProject
Project("{2150E333-8FDC-42A3-9474-1A3956D46DE8}") = "Data_Migration", "Data_Migration", "{8724A780-9CCD-4FDF-A392-F84DCD742A0C}"
EndProject
Project("{FAE04EC0-301F-11D3-BF4B-00C04F79EFBC}") = "Data_Migration", "Data_Migration\Data_Migration\Data_Migration.csproj", "{3C58624A-B9DB-48BE-AFEE-5977205B3856}"
EndProject
Project("{2150E333-8FDC-42A3-9474-1A3956D46DE8}") = "ERP_Service", "ERP_Service", "{418B2234-323B-43BA-ACE2-505BD529B8BC}"
EndProject
Project("{FAE04EC0-301F-11D3-BF4B-00C04F79EFBC}") = "ERP_Service", "ERP_Service\ERP_Service\ERP_Service.csproj", "{3D4C5477-6D4D-4B2E-A433-441D2A5CDDC7}"
EndProject
Project("{2150E333-8FDC-42A3-9474-1A3956D46DE8}") = "Gateways", "Gateways", "{4783D68E-8D70-43C0-88D2-9E6F63E995F2}"
EndProject
Project("{2150E333-8FDC-42A3-9474-1A3956D46DE8}") = "Yarp", "Yarp", "{1854B99B-45DE-4EF3-A248-69C4FC12F2C5}"
EndProject
Project("{FAE04EC0-301F-11D3-BF4B-00C04F79EFBC}") = "Yarp", "Yarp\Yarp\Yarp.csproj", "{4A80BD66-DB4B-4480-A659-C3B14C1E7E65}"
EndProject
Project("{2150E333-8FDC-42A3-9474-1A3956D46DE8}") = "SharedKernel", "SharedKernel", "{E6E7B97B-D20B-48D8-AB69-96DBFDF325A6}"
EndProject
Project("{2150E333-8FDC-42A3-9474-1A3956D46DE8}") = "SharedKernel.Core", "SharedKernel.Core", "{DCD9CFC1-E504-4832-8957-89D2EDA71F48}"
EndProject
Project("{FAE04EC0-301F-11D3-BF4B-00C04F79EFBC}") = "SharedKernel.Core", "SharedKernel\SharedKernel.Core\SharedKernel.Core\SharedKernel.Core.csproj", "{BBD6492D-02CE-449C-9301-0DDCA9954764}"
EndProject
Project("{2150E333-8FDC-42A3-9474-1A3956D46DE8}") = "docker-compose", "docker-compose", "{24BEC1B1-5877-4F65-A17A-5E81298BCB76}"
	ProjectSection(SolutionItems) = preProject
		docker-compose.override.yml = docker-compose.override.yml
		docker-compose.yml = docker-compose.yml
	EndProjectSection
EndProject
Global
	GlobalSection(SolutionConfigurationPlatforms) = preSolution
		Debug|Any CPU = Debug|Any CPU
		Release|Any CPU = Release|Any CPU
	EndGlobalSection
	GlobalSection(ProjectConfigurationPlatforms) = postSolution
		{3C58624A-B9DB-48BE-AFEE-5977205B3856}.Debug|Any CPU.ActiveCfg = Debug|Any CPU
		{3C58624A-B9DB-48BE-AFEE-5977205B3856}.Debug|Any CPU.Build.0 = Debug|Any CPU
		{3C58624A-B9DB-48BE-AFEE-5977205B3856}.Release|Any CPU.ActiveCfg = Release|Any CPU
		{3C58624A-B9DB-48BE-AFEE-5977205B3856}.Release|Any CPU.Build.0 = Release|Any CPU
		{3D4C5477-6D4D-4B2E-A433-441D2A5CDDC7}.Debug|Any CPU.ActiveCfg = Debug|Any CPU
		{3D4C5477-6D4D-4B2E-A433-441D2A5CDDC7}.Debug|Any CPU.Build.0 = Debug|Any CPU
		{3D4C5477-6D4D-4B2E-A433-441D2A5CDDC7}.Release|Any CPU.ActiveCfg = Release|Any CPU
		{3D4C5477-6D4D-4B2E-A433-441D2A5CDDC7}.Release|Any CPU.Build.0 = Release|Any CPU
		{4A80BD66-DB4B-4480-A659-C3B14C1E7E65}.Debug|Any CPU.ActiveCfg = Debug|Any CPU
		{4A80BD66-DB4B-4480-A659-C3B14C1E7E65}.Debug|Any CPU.Build.0 = Debug|Any CPU
		{4A80BD66-DB4B-4480-A659-C3B14C1E7E65}.Release|Any CPU.ActiveCfg = Release|Any CPU
		{4A80BD66-DB4B-4480-A659-C3B14C1E7E65}.Release|Any CPU.Build.0 = Release|Any CPU
		{BBD6492D-02CE-449C-9301-0DDCA9954764}.Debug|Any CPU.ActiveCfg = Debug|Any CPU
		{BBD6492D-02CE-449C-9301-0DDCA9954764}.Debug|Any CPU.Build.0 = Debug|Any CPU
		{BBD6492D-02CE-449C-9301-0DDCA9954764}.Release|Any CPU.ActiveCfg = Release|Any CPU
		{BBD6492D-02CE-449C-9301-0DDCA9954764}.Release|Any CPU.Build.0 = Release|Any CPU
	EndGlobalSection
	GlobalSection(SolutionProperties) = preSolution
		HideSolutionNode = FALSE
	EndGlobalSection
	GlobalSection(NestedProjects) = preSolution
		{8724A780-9CCD-4FDF-A392-F84DCD742A0C} = {02EA681E-C7D8-13C7-8484-4AC65E1B71E8}
		{3C58624A-B9DB-48BE-AFEE-5977205B3856} = {8724A780-9CCD-4FDF-A392-F84DCD742A0C}
		{418B2234-323B-43BA-ACE2-505BD529B8BC} = {02EA681E-C7D8-13C7-8484-4AC65E1B71E8}
		{3D4C5477-6D4D-4B2E-A433-441D2A5CDDC7} = {418B2234-323B-43BA-ACE2-505BD529B8BC}
		{1854B99B-45DE-4EF3-A248-69C4FC12F2C5} = {4783D68E-8D70-43C0-88D2-9E6F63E995F2}
		{4A80BD66-DB4B-4480-A659-C3B14C1E7E65} = {1854B99B-45DE-4EF3-A248-69C4FC12F2C5}
		{DCD9CFC1-E504-4832-8957-89D2EDA71F48} = {E6E7B97B-D20B-48D8-AB69-96DBFDF325A6}
		{BBD6492D-02CE-449C-9301-0DDCA9954764} = {DCD9CFC1-E504-4832-8957-89D2EDA71F48}
	EndGlobalSection
	GlobalSection(ExtensibilityGlobals) = postSolution
		SolutionGuid = {B56930A0-2329-4AD7-B416-FB6FA31318B0}
	EndGlobalSection
EndGlobal
